
Microsoft Visual Studio Solution File, Format Version 12.00
# Visual Studio Version 17
VisualStudioVersion = 17.5.33516.290
MinimumVisualStudioVersion = 10.0.40219.1
Project("{FAE04EC0-301F-11D3-BF4B-00C04F79EFBC}") = "WPF Telegram Design Homework", "WPF Telegram Design Homework\WPF Telegram Design Homework.csproj", "{73715820-3B5D-4535-BA10-FE8B1BF2EC05}"
EndProject
Global
	GlobalSection(SolutionConfigurationPlatforms) = preSolution
		Debug|Any CPU = Debug|Any CPU
		Release|Any CPU = Release|Any CPU
	EndGlobalSection
	GlobalSection(ProjectConfigurationPlatforms) = postSolution
		{73715820-3B5D-4535-BA10-FE8B1BF2EC05}.Debug|Any CPU.ActiveCfg = Debug|Any CPU
		{73715820-3B5D-4535-BA10-FE8B1BF2EC05}.Debug|Any CPU.Build.0 = Debug|Any CPU
		{73715820-3B5D-4535-BA10-FE8B1BF2EC05}.Release|Any CPU.ActiveCfg = Release|Any CPU
		{73715820-3B5D-4535-BA10-FE8B1BF2EC05}.Release|Any CPU.Build.0 = Release|Any CPU
	EndGlobalSection
	GlobalSection(SolutionProperties) = preSolution
		HideSolutionNode = FALSE
	EndGlobalSection
	GlobalSection(ExtensibilityGlobals) = postSolution
		SolutionGuid = {FB892EB9-77E0-4CFC-B67A-00AEF849B621}
	EndGlobalSection
EndGlobal
